
Microsoft Visual Studio Solution File, Format Version 12.00
# Visual Studio 15
VisualStudioVersion = 15.0.28307.168
MinimumVisualStudioVersion = 10.0.40219.1
Project("{9A19103F-16F7-4668-BE54-9A1E7A4F7556}") = "AvoidingStringAllocation", "AvoidingStringAllocation\AvoidingStringAllocation.csproj", "{18EAC117-07F9-45B1-B7CE-F1D46169DA5E}"
EndProject
Global
	GlobalSection(SolutionConfigurationPlatforms) = preSolution
		Debug|Any CPU = Debug|Any CPU
		Release|Any CPU = Release|Any CPU
	EndGlobalSection
	GlobalSection(ProjectConfigurationPlatforms) = postSolution
		{18EAC117-07F9-45B1-B7CE-F1D46169DA5E}.Debug|Any CPU.ActiveCfg = Debug|Any CPU
		{18EAC117-07F9-45B1-B7CE-F1D46169DA5E}.Debug|Any CPU.Build.0 = Debug|Any CPU
		{18EAC117-07F9-45B1-B7CE-F1D46169DA5E}.Release|Any CPU.ActiveCfg = Release|Any CPU
		{18EAC117-07F9-45B1-B7CE-F1D46169DA5E}.Release|Any CPU.Build.0 = Release|Any CPU
	EndGlobalSection
	GlobalSection(SolutionProperties) = preSolution
		HideSolutionNode = FALSE
	EndGlobalSection
	GlobalSection(ExtensibilityGlobals) = postSolution
		SolutionGuid = {388C00F6-DAA9-4F8C-A288-AC1D4F1779DD}
	EndGlobalSection
EndGlobal
